
Microsoft Visual Studio Solution File, Format Version 12.00
# Visual Studio Version 16
VisualStudioVersion = 16.0.29609.76
MinimumVisualStudioVersion = 10.0.40219.1
Project("{FAE04EC0-301F-11D3-BF4B-00C04F79EFBC}") = "StarSport", "WebScrapper\StarSport.csproj", "{D16FCD60-59A5-4CC5-8C29-9BFD41FEDA69}"
EndProject
Global
	GlobalSection(SolutionConfigurationPlatforms) = preSolution
		Debug|Any CPU = Debug|Any CPU
		Release|Any CPU = Release|Any CPU
	EndGlobalSection
	GlobalSection(ProjectConfigurationPlatforms) = postSolution
		{D16FCD60-59A5-4CC5-8C29-9BFD41FEDA69}.Debug|Any CPU.ActiveCfg = Debug|Any CPU
		{D16FCD60-59A5-4CC5-8C29-9BFD41FEDA69}.Debug|Any CPU.Build.0 = Debug|Any CPU
		{D16FCD60-59A5-4CC5-8C29-9BFD41FEDA69}.Release|Any CPU.ActiveCfg = Release|Any CPU
		{D16FCD60-59A5-4CC5-8C29-9BFD41FEDA69}.Release|Any CPU.Build.0 = Release|Any CPU
	EndGlobalSection
	GlobalSection(SolutionProperties) = preSolution
		HideSolutionNode = FALSE
	EndGlobalSection
	GlobalSection(ExtensibilityGlobals) = postSolution
		SolutionGuid = {AD272C50-BC2E-463F-88F1-72EAEC9B6C91}
	EndGlobalSection
EndGlobal
